
Microsoft Visual Studio Solution File, Format Version 12.00
# Visual Studio Version 16
VisualStudioVersion = 16.0.30225.117
MinimumVisualStudioVersion = 10.0.40219.1
Project("{9A19103F-16F7-4668-BE54-9A1E7A4F7556}") = "RAT.Domain", "RAT.Domain\RAT.Domain.csproj", "{57F93D6D-F6F9-417F-B347-B87E84265F92}"
EndProject
Project("{9A19103F-16F7-4668-BE54-9A1E7A4F7556}") = "RAT.EntityFramework", "RAT.EntityFramework\RAT.EntityFramework.csproj", "{B147C4C2-3215-4F89-91C8-25A0D3AF8B48}"
EndProject
Project("{9A19103F-16F7-4668-BE54-9A1E7A4F7556}") = "RAT.WPF", "RAT.WPF\RAT.WPF.csproj", "{A8BD2E4F-4C96-40AC-B1DB-D083B51FC92F}"
EndProject
Global
	GlobalSection(SolutionConfigurationPlatforms) = preSolution
		Debug|Any CPU = Debug|Any CPU
		Release|Any CPU = Release|Any CPU
	EndGlobalSection
	GlobalSection(ProjectConfigurationPlatforms) = postSolution
		{57F93D6D-F6F9-417F-B347-B87E84265F92}.Debug|Any CPU.ActiveCfg = Debug|Any CPU
		{57F93D6D-F6F9-417F-B347-B87E84265F92}.Debug|Any CPU.Build.0 = Debug|Any CPU
		{57F93D6D-F6F9-417F-B347-B87E84265F92}.Release|Any CPU.ActiveCfg = Release|Any CPU
		{57F93D6D-F6F9-417F-B347-B87E84265F92}.Release|Any CPU.Build.0 = Release|Any CPU
		{B147C4C2-3215-4F89-91C8-25A0D3AF8B48}.Debug|Any CPU.ActiveCfg = Debug|Any CPU
		{B147C4C2-3215-4F89-91C8-25A0D3AF8B48}.Debug|Any CPU.Build.0 = Debug|Any CPU
		{B147C4C2-3215-4F89-91C8-25A0D3AF8B48}.Release|Any CPU.ActiveCfg = Release|Any CPU
		{B147C4C2-3215-4F89-91C8-25A0D3AF8B48}.Release|Any CPU.Build.0 = Release|Any CPU
		{A8BD2E4F-4C96-40AC-B1DB-D083B51FC92F}.Debug|Any CPU.ActiveCfg = Debug|Any CPU
		{A8BD2E4F-4C96-40AC-B1DB-D083B51FC92F}.Debug|Any CPU.Build.0 = Debug|Any CPU
		{A8BD2E4F-4C96-40AC-B1DB-D083B51FC92F}.Release|Any CPU.ActiveCfg = Release|Any CPU
		{A8BD2E4F-4C96-40AC-B1DB-D083B51FC92F}.Release|Any CPU.Build.0 = Release|Any CPU
	EndGlobalSection
	GlobalSection(SolutionProperties) = preSolution
		HideSolutionNode = FALSE
	EndGlobalSection
	GlobalSection(ExtensibilityGlobals) = postSolution
		SolutionGuid = {DF909EE7-D181-4C72-9E4F-62A818F5DDDB}
	EndGlobalSection
EndGlobal
